
Microsoft Visual Studio Solution File, Format Version 12.00
# Visual Studio Version 17
VisualStudioVersion = 17.3.32929.385
MinimumVisualStudioVersion = 10.0.40219.1
Project("{FAE04EC0-301F-11D3-BF4B-00C04F79EFBC}") = "MDSNDemo", "MDSNDemo\MDSNDemo.csproj", "{17D53B2A-F4D7-4812-83DA-5D355A898703}"
EndProject
Global
	GlobalSection(SolutionConfigurationPlatforms) = preSolution
		Debug|Any CPU = Debug|Any CPU
		Release|Any CPU = Release|Any CPU
	EndGlobalSection
	GlobalSection(ProjectConfigurationPlatforms) = postSolution
		{17D53B2A-F4D7-4812-83DA-5D355A898703}.Debug|Any CPU.ActiveCfg = Debug|Any CPU
		{17D53B2A-F4D7-4812-83DA-5D355A898703}.Debug|Any CPU.Build.0 = Debug|Any CPU
		{17D53B2A-F4D7-4812-83DA-5D355A898703}.Release|Any CPU.ActiveCfg = Release|Any CPU
		{17D53B2A-F4D7-4812-83DA-5D355A898703}.Release|Any CPU.Build.0 = Release|Any CPU
	EndGlobalSection
	GlobalSection(SolutionProperties) = preSolution
		HideSolutionNode = FALSE
	EndGlobalSection
	GlobalSection(ExtensibilityGlobals) = postSolution
		SolutionGuid = {AB62754C-52F2-4E55-AFEF-D4327CA67C81}
	EndGlobalSection
EndGlobal
